// !$*UTF8*$!
{
	archiveVersion = 1;
	classes = {
	};
	objectVersion = 56;
	objects = {

/* Begin PBXBuildFile section */
		85934E302A2E3C540060424D /* CamerasMainView.swift in Sources */ = {isa = PBXBuildFile; fileRef = 85934E2F2A2E3C540060424D /* CamerasMainView.swift */; };
		85934E322A2E3C650060424D /* DoorsMainView.swift in Sources */ = {isa = PBXBuildFile; fileRef = 85934E312A2E3C650060424D /* DoorsMainView.swift */; };
		85BF60C92A189E9600578B30 /* AppDelegate.swift in Sources */ = {isa = PBXBuildFile; fileRef = 85BF60C82A189E9600578B30 /* AppDelegate.swift */; };
		85BF60CB2A189E9600578B30 /* SceneDelegate.swift in Sources */ = {isa = PBXBuildFile; fileRef = 85BF60CA2A189E9600578B30 /* SceneDelegate.swift */; };
		85BF60CD2A189E9600578B30 /* MainScreen.swift in Sources */ = {isa = PBXBuildFile; fileRef = 85BF60CC2A189E9600578B30 /* MainScreen.swift */; };
		85BF60D32A189E9600578B30 /* MyHome.xcdatamodeld in Sources */ = {isa = PBXBuildFile; fileRef = 85BF60D12A189E9600578B30 /* MyHome.xcdatamodeld */; };
		85BF60D52A189E9700578B30 /* Assets.xcassets in Resources */ = {isa = PBXBuildFile; fileRef = 85BF60D42A189E9700578B30 /* Assets.xcassets */; };
		85BF60D82A189E9700578B30 /* LaunchScreen.storyboard in Resources */ = {isa = PBXBuildFile; fileRef = 85BF60D62A189E9700578B30 /* LaunchScreen.storyboard */; };
/* End PBXBuildFile section */

/* Begin PBXFileReference section */
		85934E2F2A2E3C540060424D /* CamerasMainView.swift */ = {isa = PBXFileReference; lastKnownFileType = sourcecode.swift; path = CamerasMainView.swift; sourceTree = "<group>"; };
		85934E312A2E3C650060424D /* DoorsMainView.swift */ = {isa = PBXFileReference; lastKnownFileType = sourcecode.swift; path = DoorsMainView.swift; sourceTree = "<group>"; };
		85BF60C52A189E9600578B30 /* MyHome.app */ = {isa = PBXFileReference; explicitFileType = wrapper.application; includeInIndex = 0; path = MyHome.app; sourceTree = BUILT_PRODUCTS_DIR; };
		85BF60C82A189E9600578B30 /* AppDelegate.swift */ = {isa = PBXFileReference; lastKnownFileType = sourcecode.swift; path = AppDelegate.swift; sourceTree = "<group>"; };
		85BF60CA2A189E9600578B30 /* SceneDelegate.swift */ = {isa = PBXFileReference; lastKnownFileType = sourcecode.swift; path = SceneDelegate.swift; sourceTree = "<group>"; };
		85BF60CC2A189E9600578B30 /* MainScreen.swift */ = {isa = PBXFileReference; lastKnownFileType = sourcecode.swift; path = MainScreen.swift; sourceTree = "<group>"; };
		85BF60D22A189E9600578B30 /* MyHome.xcdatamodel */ = {isa = PBXFileReference; lastKnownFileType = wrapper.xcdatamodel; path = MyHome.xcdatamodel; sourceTree = "<group>"; };
		85BF60D42A189E9700578B30 /* Assets.xcassets */ = {isa = PBXFileReference; lastKnownFileType = folder.assetcatalog; path = Assets.xcassets; sourceTree = "<group>"; };
		85BF60D72A189E9700578B30 /* Base */ = {isa = PBXFileReference; lastKnownFileType = file.storyboard; name = Base; path = Base.lproj/LaunchScreen.storyboard; sourceTree = "<group>"; };
		85BF60D92A189E9700578B30 /* Info.plist */ = {isa = PBXFileReference; lastKnownFileType = text.plist.xml; path = Info.plist; sourceTree = "<group>"; };
/* End PBXFileReference section */

/* Begin PBXFrameworksBuildPhase section */
		85BF60C22A189E9600578B30 /* Frameworks */ = {
			isa = PBXFrameworksBuildPhase;
			buildActionMask = 2147483647;
			files = (
			);
			runOnlyForDeploymentPostprocessing = 0;
		};
/* End PBXFrameworksBuildPhase section */

/* Begin PBXGroup section */
		85934E2E2A2E3BDC0060424D /* View */ = {
			isa = PBXGroup;
			children = (
				85934E2F2A2E3C540060424D /* CamerasMainView.swift */,
				85934E312A2E3C650060424D /* DoorsMainView.swift */,
			);
			path = View;
			sourceTree = "<group>";
		};
		85BF60BC2A189E9500578B30 = {
			isa = PBXGroup;
			children = (
				85BF60C72A189E9600578B30 /* MyHome */,
				85BF60C62A189E9600578B30 /* Products */,
			);
			sourceTree = "<group>";
		};
		85BF60C62A189E9600578B30 /* Products */ = {
			isa = PBXGroup;
			children = (
				85BF60C52A189E9600578B30 /* MyHome.app */,
			);
			name = Products;
			sourceTree = "<group>";
		};
		85BF60C72A189E9600578B30 /* MyHome */ = {
			isa = PBXGroup;
			children = (
				85934E2E2A2E3BDC0060424D /* View */,
				85BF60C82A189E9600578B30 /* AppDelegate.swift */,
				85BF60CA2A189E9600578B30 /* SceneDelegate.swift */,
				85BF60CC2A189E9600578B30 /* MainScreen.swift */,
				85BF60D42A189E9700578B30 /* Assets.xcassets */,
				85BF60D62A189E9700578B30 /* LaunchScreen.storyboard */,
				85BF60D92A189E9700578B30 /* Info.plist */,
				85BF60D12A189E9600578B30 /* MyHome.xcdatamodeld */,
			);
			path = MyHome;
			sourceTree = "<group>";
		};
/* End PBXGroup section */

/* Begin PBXNativeTarget section */
		85BF60C42A189E9600578B30 /* MyHome */ = {
			isa = PBXNativeTarget;
			buildConfigurationList = 85BF60DC2A189E9700578B30 /* Build configuration list for PBXNativeTarget "MyHome" */;
			buildPhases = (
				85BF60C12A189E9600578B30 /* Sources */,
				85BF60C22A189E9600578B30 /* Frameworks */,
				85BF60C32A189E9600578B30 /* Resources */,
			);
			buildRules = (
			);
			dependencies = (
			);
			name = MyHome;
			productName = MyHome;
			productReference = 85BF60C52A189E9600578B30 /* MyHome.app */;
			productType = "com.apple.product-type.application";
		};
/* End PBXNativeTarget section */

/* Begin PBXProject section */
		85BF60BD2A189E9500578B30 /* Project object */ = {
			isa = PBXProject;
			attributes = {
				BuildIndependentTargetsInParallel = 1;
				LastSwiftUpdateCheck = 1420;
				LastUpgradeCheck = 1420;
				TargetAttributes = {
					85BF60C42A189E9600578B30 = {
						CreatedOnToolsVersion = 14.2;
					};
				};
			};
			buildConfigurationList = 85BF60C02A189E9500578B30 /* Build configuration list for PBXProject "MyHome" */;
			compatibilityVersion = "Xcode 14.0";
			developmentRegion = en;
			hasScannedForEncodings = 0;
			knownRegions = (
				en,
				Base,
			);
			mainGroup = 85BF60BC2A189E9500578B30;
			productRefGroup = 85BF60C62A189E9600578B30 /* Products */;
			projectDirPath = "";
			projectRoot = "";
			targets = (
				85BF60C42A189E9600578B30 /* MyHome */,
			);
		};
/* End PBXProject section */

/* Begin PBXResourcesBuildPhase section */
		85BF60C32A189E9600578B30 /* Resources */ = {
			isa = PBXResourcesBuildPhase;
			buildActionMask = 2147483647;
			files = (
				85BF60D82A189E9700578B30 /* LaunchScreen.storyboard in Resources */,
				85BF60D52A189E9700578B30 /* Assets.xcassets in Resources */,
			);
			runOnlyForDeploymentPostprocessing = 0;
		};
/* End PBXResourcesBuildPhase section */

/* Begin PBXSourcesBuildPhase section */
		85BF60C12A189E9600578B30 /* Sources */ = {
			isa = PBXSourcesBuildPhase;
			buildActionMask = 2147483647;
			files = (
				85BF60CD2A189E9600578B30 /* MainScreen.swift in Sources */,
				85934E302A2E3C540060424D /* CamerasMainView.swift in Sources */,
				85BF60C92A189E9600578B30 /* AppDelegate.swift in Sources */,
				85934E322A2E3C650060424D /* DoorsMainView.swift in Sources */,
				85BF60D32A189E9600578B30 /* MyHome.xcdatamodeld in Sources */,
				85BF60CB2A189E9600578B30 /* SceneDelegate.swift in Sources */,
			);
			runOnlyForDeploymentPostprocessing = 0;
		};
/* End PBXSourcesBuildPhase section */

/* Begin PBXVariantGroup section */
		85BF60D62A189E9700578B30 /* LaunchScreen.storyboard */ = {
			isa = PBXVariantGroup;
			children = (
				85BF60D72A189E9700578B30 /* Base */,
			);
			name = LaunchScreen.storyboard;
			sourceTree = "<group>";
		};
/* End PBXVariantGroup section */

/* Begin XCBuildConfiguration section */
		85BF60DA2A189E9700578B30 /* Debug */ = {
			isa = XCBuildConfiguration;
			buildSettings = {
				ALWAYS_SEARCH_USER_PATHS = NO;
				CLANG_ANALYZER_NONNULL = YES;
				CLANG_ANALYZER_NUMBER_OBJECT_CONVERSION = YES_AGGRESSIVE;
				CLANG_CXX_LANGUAGE_STANDARD = "gnu++20";
				CLANG_ENABLE_MODULES = YES;
				CLANG_ENABLE_OBJC_ARC = YES;
				CLANG_ENABLE_OBJC_WEAK = YES;
				CLANG_WARN_BLOCK_CAPTURE_AUTORELEASING = YES;
				CLANG_WARN_BOOL_CONVERSION = YES;
				CLANG_WARN_COMMA = YES;
				CLANG_WARN_CONSTANT_CONVERSION = YES;
				CLANG_WARN_DEPRECATED_OBJC_IMPLEMENTATIONS = YES;
				CLANG_WARN_DIRECT_OBJC_ISA_USAGE = YES_ERROR;
				CLANG_WARN_DOCUMENTATION_COMMENTS = YES;
				CLANG_WARN_EMPTY_BODY = YES;
				CLANG_WARN_ENUM_CONVERSION = YES;
				CLANG_WARN_INFINITE_RECURSION = YES;
				CLANG_WARN_INT_CONVERSION = YES;
				CLANG_WARN_NON_LITERAL_NULL_CONVERSION = YES;
				CLANG_WARN_OBJC_IMPLICIT_RETAIN_SELF = YES;
				CLANG_WARN_OBJC_LITERAL_CONVERSION = YES;
				CLANG_WARN_OBJC_ROOT_CLASS = YES_ERROR;
				CLANG_WARN_QUOTED_INCLUDE_IN_FRAMEWORK_HEADER = YES;
				CLANG_WARN_RANGE_LOOP_ANALYSIS = YES;
				CLANG_WARN_STRICT_PROTOTYPES = YES;
				CLANG_WARN_SUSPICIOUS_MOVE = YES;
				CLANG_WARN_UNGUARDED_AVAILABILITY = YES_AGGRESSIVE;
				CLANG_WARN_UNREACHABLE_CODE = YES;
				CLANG_WARN__DUPLICATE_METHOD_MATCH = YES;
				COPY_PHASE_STRIP = NO;
				DEBUG_INFORMATION_FORMAT = dwarf;
				ENABLE_STRICT_OBJC_MSGSEND = YES;
				ENABLE_TESTABILITY = YES;
				GCC_C_LANGUAGE_STANDARD = gnu11;
				GCC_DYNAMIC_NO_PIC = NO;
				GCC_NO_COMMON_BLOCKS = YES;
				GCC_OPTIMIZATION_LEVEL = 0;
				GCC_PREPROCESSOR_DEFINITIONS = (
					"DEBUG=1",
					"$(inherited)",
				);
				GCC_WARN_64_TO_32_BIT_CONVERSION = YES;
				GCC_WARN_ABOUT_RETURN_TYPE = YES_ERROR;
				GCC_WARN_UNDECLARED_SELECTOR = YES;
				GCC_WARN_UNINITIALIZED_AUTOS = YES_AGGRESSIVE;
				GCC_WARN_UNUSED_FUNCTION = YES;
				GCC_WARN_UNUSED_VARIABLE = YES;
				IPHONEOS_DEPLOYMENT_TARGET = 16.2;
				MTL_ENABLE_DEBUG_INFO = INCLUDE_SOURCE;
				MTL_FAST_MATH = YES;
				ONLY_ACTIVE_ARCH = YES;
				SDKROOT = iphoneos;
				SWIFT_ACTIVE_COMPILATION_CONDITIONS = DEBUG;
				SWIFT_OPTIMIZATION_LEVEL = "-Onone";
			};
			name = Debug;
		};
		85BF60DB2A189E9700578B30 /* Release */ = {
			isa = XCBuildConfiguration;
			buildSettings = {
				ALWAYS_SEARCH_USER_PATHS = NO;
				CLANG_ANALYZER_NONNULL = YES;
				CLANG_ANALYZER_NUMBER_OBJECT_CONVERSION = YES_AGGRESSIVE;
				CLANG_CXX_LANGUAGE_STANDARD = "gnu++20";
				CLANG_ENABLE_MODULES = YES;
				CLANG_ENABLE_OBJC_ARC = YES;
				CLANG_ENABLE_OBJC_WEAK = YES;
				CLANG_WARN_BLOCK_CAPTURE_AUTORELEASING = YES;
				CLANG_WARN_BOOL_CONVERSION = YES;
				CLANG_WARN_COMMA = YES;
				CLANG_WARN_CONSTANT_CONVERSION = YES;
				CLANG_WARN_DEPRECATED_OBJC_IMPLEMENTATIONS = YES;
				CLANG_WARN_DIRECT_OBJC_ISA_USAGE = YES_ERROR;
				CLANG_WARN_DOCUMENTATION_COMMENTS = YES;
				CLANG_WARN_EMPTY_BODY = YES;
				CLANG_WARN_ENUM_CONVERSION = YES;
				CLANG_WARN_INFINITE_RECURSION = YES;
				CLANG_WARN_INT_CONVERSION = YES;
				CLANG_WARN_NON_LITERAL_NULL_CONVERSION = YES;
				CLANG_WARN_OBJC_IMPLICIT_RETAIN_SELF = YES;
				CLANG_WARN_OBJC_LITERAL_CONVERSION = YES;
				CLANG_WARN_OBJC_ROOT_CLASS = YES_ERROR;
				CLANG_WARN_QUOTED_INCLUDE_IN_FRAMEWORK_HEADER = YES;
				CLANG_WARN_RANGE_LOOP_ANALYSIS = YES;
				CLANG_WARN_STRICT_PROTOTYPES = YES;
				CLANG_WARN_SUSPICIOUS_MOVE = YES;
				CLANG_WARN_UNGUARDED_AVAILABILITY = YES_AGGRESSIVE;
				CLANG_WARN_UNREACHABLE_CODE = YES;
				CLANG_WARN__DUPLICATE_METHOD_MATCH = YES;
				COPY_PHASE_STRIP = NO;
				DEBUG_INFORMATION_FORMAT = "dwarf-with-dsym";
				ENABLE_NS_ASSERTIONS = NO;
				ENABLE_STRICT_OBJC_MSGSEND = YES;
				GCC_C_LANGUAGE_STANDARD = gnu11;
				GCC_NO_COMMON_BLOCKS = YES;
				GCC_WARN_64_TO_32_BIT_CONVERSION = YES;
				GCC_WARN_ABOUT_RETURN_TYPE = YES_ERROR;
				GCC_WARN_UNDECLARED_SELECTOR = YES;
				GCC_WARN_UNINITIALIZED_AUTOS = YES_AGGRESSIVE;
				GCC_WARN_UNUSED_FUNCTION = YES;
				GCC_WARN_UNUSED_VARIABLE = YES;
				IPHONEOS_DEPLOYMENT_TARGET = 16.2;
				MTL_ENABLE_DEBUG_INFO = NO;
				MTL_FAST_MATH = YES;
				SDKROOT = iphoneos;
				SWIFT_COMPILATION_MODE = wholemodule;
				SWIFT_OPTIMIZATION_LEVEL = "-O";
				VALIDATE_PRODUCT = YES;
			};
			name = Release;
		};
		85BF60DD2A189E9700578B30 /* Debug */ = {
			isa = XCBuildConfiguration;
			buildSettings = {
				ASSETCATALOG_COMPILER_APPICON_NAME = AppIcon;
				ASSETCATALOG_COMPILER_GLOBAL_ACCENT_COLOR_NAME = AccentColor;
				CODE_SIGN_STYLE = Automatic;
				CURRENT_PROJECT_VERSION = 1;
				DEVELOPMENT_TEAM = 9YCHZYVS3V;
				GENERATE_INFOPLIST_FILE = YES;
				INFOPLIST_FILE = MyHome/Info.plist;
				INFOPLIST_KEY_UIApplicationSupportsIndirectInputEvents = YES;
				INFOPLIST_KEY_UILaunchStoryboardName = LaunchScreen;
				INFOPLIST_KEY_UISupportedInterfaceOrientations_iPad = "UIInterfaceOrientationPortrait UIInterfaceOrientationPortraitUpsideDown UIInterfaceOrientationLandscapeLeft UIInterfaceOrientationLandscapeRight";
				INFOPLIST_KEY_UISupportedInterfaceOrientations_iPhone = "UIInterfaceOrientationPortrait UIInterfaceOrientationLandscapeLeft UIInterfaceOrientationLandscapeRight";
				IPHONEOS_DEPLOYMENT_TARGET = 15.0;
				LD_RUNPATH_SEARCH_PATHS = (
					"$(inherited)",
					"@executable_path/Frameworks",
				);
				MARKETING_VERSION = 1.0;
				PRODUCT_BUNDLE_IDENTIFIER = sartyushin.MyHome;
				PRODUCT_NAME = "$(TARGET_NAME)";
				SWIFT_EMIT_LOC_STRINGS = YES;
				SWIFT_VERSION = 5.0;
				TARGETED_DEVICE_FAMILY = "1,2";
			};
			name = Debug;
		};
		85BF60DE2A189E9700578B30 /* Release */ = {
			isa = XCBuildConfiguration;
			buildSettings = {
				ASSETCATALOG_COMPILER_APPICON_NAME = AppIcon;
				ASSETCATALOG_COMPILER_GLOBAL_ACCENT_COLOR_NAME = AccentColor;
				CODE_SIGN_STYLE = Automatic;
				CURRENT_PROJECT_VERSION = 1;
				DEVELOPMENT_TEAM = 9YCHZYVS3V;
				GENERATE_INFOPLIST_FILE = YES;
				INFOPLIST_FILE = MyHome/Info.plist;
				INFOPLIST_KEY_UIApplicationSupportsIndirectInputEvents = YES;
				INFOPLIST_KEY_UILaunchStoryboardName = LaunchScreen;
				INFOPLIST_KEY_UISupportedInterfaceOrientations_iPad = "UIInterfaceOrientationPortrait UIInterfaceOrientationPortraitUpsideDown UIInterfaceOrientationLandscapeLeft UIInterfaceOrientationLandscapeRight";
				INFOPLIST_KEY_UISupportedInterfaceOrientations_iPhone = "UIInterfaceOrientationPortrait UIInterfaceOrientationLandscapeLeft UIInterfaceOrientationLandscapeRight";
				IPHONEOS_DEPLOYMENT_TARGET = 15.0;
				LD_RUNPATH_SEARCH_PATHS = (
					"$(inherited)",
					"@executable_path/Frameworks",
				);
				MARKETING_VERSION = 1.0;
				PRODUCT_BUNDLE_IDENTIFIER = sartyushin.MyHome;
				PRODUCT_NAME = "$(TARGET_NAME)";
				SWIFT_EMIT_LOC_STRINGS = YES;
				SWIFT_VERSION = 5.0;
				TARGETED_DEVICE_FAMILY = "1,2";
			};
			name = Release;
		};
/* End XCBuildConfiguration section */

/* Begin XCConfigurationList section */
		85BF60C02A189E9500578B30 /* Build configuration list for PBXProject "MyHome" */ = {
			isa = XCConfigurationList;
			buildConfigurations = (
				85BF60DA2A189E9700578B30 /* Debug */,
				85BF60DB2A189E9700578B30 /* Release */,
			);
			defaultConfigurationIsVisible = 0;
			defaultConfigurationName = Release;
		};
		85BF60DC2A189E9700578B30 /* Build configuration list for PBXNativeTarget "MyHome" */ = {
			isa = XCConfigurationList;
			buildConfigurations = (
				85BF60DD2A189E9700578B30 /* Debug */,
				85BF60DE2A189E9700578B30 /* Release */,
			);
			defaultConfigurationIsVisible = 0;
			defaultConfigurationName = Release;
		};
/* End XCConfigurationList section */

/* Begin XCVersionGroup section */
		85BF60D12A189E9600578B30 /* MyHome.xcdatamodeld */ = {
			isa = XCVersionGroup;
			children = (
				85BF60D22A189E9600578B30 /* MyHome.xcdatamodel */,
			);
			currentVersion = 85BF60D22A189E9600578B30 /* MyHome.xcdatamodel */;
			path = MyHome.xcdatamodeld;
			sourceTree = "<group>";
			versionGroupType = wrapper.xcdatamodel;
		};
/* End XCVersionGroup section */
	};
	rootObject = 85BF60BD2A189E9500578B30 /* Project object */;
}
